{
  "name": "test-selection",
  "version": "1.0.0",
  "lockfileVersion": 1,
  "requires": true,
  "dependencies": {
    "@simonwep/selection-js": {
      "version": "2.1.2",
      "resolved": "https://artifactory.roving.com:443/artifactory/api/npm/npm-virtual/@simonwep/selection-js/-/selection-js-2.1.2.tgz",
      "integrity": "sha1-7E6ugm5LMaBvd/XB88RrlfNRWAQ="
    }
  }
}
